
Microsoft Visual Studio Solution File, Format Version 12.00
# Visual Studio 15
VisualStudioVersion = 15.0.26228.9
MinimumVisualStudioVersion = 10.0.40219.1
Project("{FAE04EC0-301F-11D3-BF4B-00C04F79EFBC}") = "CoreCourse.CSharpFeatures", "CoreCourse.CSharpFeatures\CoreCourse.CSharpFeatures.csproj", "{8DEA7E79-015F-46E1-97B3-52C8BF440EE6}"
EndProject
Project("{FAE04EC0-301F-11D3-BF4B-00C04F79EFBC}") = "CoreCourse.CSharpFeatures.AsyncApp", "CoreCourse.CSharpFeatures.AsyncApp\CoreCourse.CSharpFeatures.AsyncApp.csproj", "{D2E04FB8-9B06-40E7-8BC0-DBC535C7A0EB}"
EndProject
Global
	GlobalSection(SolutionConfigurationPlatforms) = preSolution
		Debug|Any CPU = Debug|Any CPU
		Release|Any CPU = Release|Any CPU
	EndGlobalSection
	GlobalSection(ProjectConfigurationPlatforms) = postSolution
		{8DEA7E79-015F-46E1-97B3-52C8BF440EE6}.Debug|Any CPU.ActiveCfg = Debug|Any CPU
		{8DEA7E79-015F-46E1-97B3-52C8BF440EE6}.Debug|Any CPU.Build.0 = Debug|Any CPU
		{8DEA7E79-015F-46E1-97B3-52C8BF440EE6}.Release|Any CPU.ActiveCfg = Release|Any CPU
		{8DEA7E79-015F-46E1-97B3-52C8BF440EE6}.Release|Any CPU.Build.0 = Release|Any CPU
		{D2E04FB8-9B06-40E7-8BC0-DBC535C7A0EB}.Debug|Any CPU.ActiveCfg = Debug|Any CPU
		{D2E04FB8-9B06-40E7-8BC0-DBC535C7A0EB}.Debug|Any CPU.Build.0 = Debug|Any CPU
		{D2E04FB8-9B06-40E7-8BC0-DBC535C7A0EB}.Release|Any CPU.ActiveCfg = Release|Any CPU
		{D2E04FB8-9B06-40E7-8BC0-DBC535C7A0EB}.Release|Any CPU.Build.0 = Release|Any CPU
	EndGlobalSection
	GlobalSection(SolutionProperties) = preSolution
		HideSolutionNode = FALSE
	EndGlobalSection
	GlobalSection(CodealikeProperties) = postSolution
		SolutionGuid = dc6275a3-e4b4-4f71-afdb-abe492625ce3
	EndGlobalSection
EndGlobal
